// !$*UTF8*$!
{
	archiveVersion = 1;
	classes = {
	};
	objectVersion = 56;
	objects = {

/* Begin PBXBuildFile section */
		A6CFAC482AF7460B00267E03 /* MyTaskApp.swift in Sources */ = {isa = PBXBuildFile; fileRef = A6CFAC472AF7460B00267E03 /* MyTaskApp.swift */; };
		A6CFAC4A2AF7460B00267E03 /* ContentView.swift in Sources */ = {isa = PBXBuildFile; fileRef = A6CFAC492AF7460B00267E03 /* ContentView.swift */; };
		A6CFAC4C2AF7460E00267E03 /* Assets.xcassets in Resources */ = {isa = PBXBuildFile; fileRef = A6CFAC4B2AF7460E00267E03 /* Assets.xcassets */; };
		A6CFAC4F2AF7460E00267E03 /* Preview Assets.xcassets in Resources */ = {isa = PBXBuildFile; fileRef = A6CFAC4E2AF7460E00267E03 /* Preview Assets.xcassets */; };
		A6CFAC572AF74D6600267E03 /* TasksDataModel.xcdatamodeld in Sources */ = {isa = PBXBuildFile; fileRef = A6CFAC552AF74D6600267E03 /* TasksDataModel.xcdatamodeld */; };
		A6CFAC592AF7507100267E03 /* Task.swift in Sources */ = {isa = PBXBuildFile; fileRef = A6CFAC582AF7507100267E03 /* Task.swift */; };
		A6CFAC5D2AF7530300267E03 /* TasksProvider.swift in Sources */ = {isa = PBXBuildFile; fileRef = A6CFAC5C2AF7530300267E03 /* TasksProvider.swift */; };
		A6CFAC5F2AF75EB300267E03 /* TaskRowView.swift in Sources */ = {isa = PBXBuildFile; fileRef = A6CFAC5E2AF75EB300267E03 /* TaskRowView.swift */; };
		A6CFAC612AF761C200267E03 /* TaskDetailView.swift in Sources */ = {isa = PBXBuildFile; fileRef = A6CFAC602AF761C200267E03 /* TaskDetailView.swift */; };
		A6CFAC632AF7635100267E03 /* CreateTaskView.swift in Sources */ = {isa = PBXBuildFile; fileRef = A6CFAC622AF7635100267E03 /* CreateTaskView.swift */; };
/* End PBXBuildFile section */

/* Begin PBXFileReference section */
		A6CFAC442AF7460B00267E03 /* MyTask.app */ = {isa = PBXFileReference; explicitFileType = wrapper.application; includeInIndex = 0; path = MyTask.app; sourceTree = BUILT_PRODUCTS_DIR; };
		A6CFAC472AF7460B00267E03 /* MyTaskApp.swift */ = {isa = PBXFileReference; lastKnownFileType = sourcecode.swift; path = MyTaskApp.swift; sourceTree = "<group>"; };
		A6CFAC492AF7460B00267E03 /* ContentView.swift */ = {isa = PBXFileReference; lastKnownFileType = sourcecode.swift; path = ContentView.swift; sourceTree = "<group>"; };
		A6CFAC4B2AF7460E00267E03 /* Assets.xcassets */ = {isa = PBXFileReference; lastKnownFileType = folder.assetcatalog; path = Assets.xcassets; sourceTree = "<group>"; };
		A6CFAC4E2AF7460E00267E03 /* Preview Assets.xcassets */ = {isa = PBXFileReference; lastKnownFileType = folder.assetcatalog; path = "Preview Assets.xcassets"; sourceTree = "<group>"; };
		A6CFAC562AF74D6600267E03 /* TasksDataModel.xcdatamodel */ = {isa = PBXFileReference; lastKnownFileType = wrapper.xcdatamodel; path = TasksDataModel.xcdatamodel; sourceTree = "<group>"; };
		A6CFAC582AF7507100267E03 /* Task.swift */ = {isa = PBXFileReference; lastKnownFileType = sourcecode.swift; path = Task.swift; sourceTree = "<group>"; };
		A6CFAC5C2AF7530300267E03 /* TasksProvider.swift */ = {isa = PBXFileReference; lastKnownFileType = sourcecode.swift; path = TasksProvider.swift; sourceTree = "<group>"; };
		A6CFAC5E2AF75EB300267E03 /* TaskRowView.swift */ = {isa = PBXFileReference; lastKnownFileType = sourcecode.swift; path = TaskRowView.swift; sourceTree = "<group>"; };
		A6CFAC602AF761C200267E03 /* TaskDetailView.swift */ = {isa = PBXFileReference; lastKnownFileType = sourcecode.swift; path = TaskDetailView.swift; sourceTree = "<group>"; };
		A6CFAC622AF7635100267E03 /* CreateTaskView.swift */ = {isa = PBXFileReference; lastKnownFileType = sourcecode.swift; path = CreateTaskView.swift; sourceTree = "<group>"; };
/* End PBXFileReference section */

/* Begin PBXFrameworksBuildPhase section */
		A6CFAC412AF7460B00267E03 /* Frameworks */ = {
			isa = PBXFrameworksBuildPhase;
			buildActionMask = 2147483647;
			files = (
			);
			runOnlyForDeploymentPostprocessing = 0;
		};
/* End PBXFrameworksBuildPhase section */

/* Begin PBXGroup section */
		A6CFAC3B2AF7460B00267E03 = {
			isa = PBXGroup;
			children = (
				A6CFAC462AF7460B00267E03 /* MyTask */,
				A6CFAC452AF7460B00267E03 /* Products */,
			);
			sourceTree = "<group>";
		};
		A6CFAC452AF7460B00267E03 /* Products */ = {
			isa = PBXGroup;
			children = (
				A6CFAC442AF7460B00267E03 /* MyTask.app */,
			);
			name = Products;
			sourceTree = "<group>";
		};
		A6CFAC462AF7460B00267E03 /* MyTask */ = {
			isa = PBXGroup;
			children = (
				A6CFAC5B2AF752DD00267E03 /* Provider */,
				A6CFAC5A2AF750A200267E03 /* Model */,
				A6CFAC472AF7460B00267E03 /* MyTaskApp.swift */,
				A6CFAC492AF7460B00267E03 /* ContentView.swift */,
				A6CFAC5E2AF75EB300267E03 /* TaskRowView.swift */,
				A6CFAC602AF761C200267E03 /* TaskDetailView.swift */,
				A6CFAC622AF7635100267E03 /* CreateTaskView.swift */,
				A6CFAC552AF74D6600267E03 /* TasksDataModel.xcdatamodeld */,
				A6CFAC4B2AF7460E00267E03 /* Assets.xcassets */,
				A6CFAC4D2AF7460E00267E03 /* Preview Content */,
			);
			path = MyTask;
			sourceTree = "<group>";
		};
		A6CFAC4D2AF7460E00267E03 /* Preview Content */ = {
			isa = PBXGroup;
			children = (
				A6CFAC4E2AF7460E00267E03 /* Preview Assets.xcassets */,
			);
			path = "Preview Content";
			sourceTree = "<group>";
		};
		A6CFAC5A2AF750A200267E03 /* Model */ = {
			isa = PBXGroup;
			children = (
				A6CFAC582AF7507100267E03 /* Task.swift */,
			);
			path = Model;
			sourceTree = "<group>";
		};
		A6CFAC5B2AF752DD00267E03 /* Provider */ = {
			isa = PBXGroup;
			children = (
				A6CFAC5C2AF7530300267E03 /* TasksProvider.swift */,
			);
			path = Provider;
			sourceTree = "<group>";
		};
/* End PBXGroup section */

/* Begin PBXNativeTarget section */
		A6CFAC432AF7460B00267E03 /* MyTask */ = {
			isa = PBXNativeTarget;
			buildConfigurationList = A6CFAC522AF7460E00267E03 /* Build configuration list for PBXNativeTarget "MyTask" */;
			buildPhases = (
				A6CFAC402AF7460B00267E03 /* Sources */,
				A6CFAC412AF7460B00267E03 /* Frameworks */,
				A6CFAC422AF7460B00267E03 /* Resources */,
			);
			buildRules = (
			);
			dependencies = (
			);
			name = MyTask;
			productName = MyTask;
			productReference = A6CFAC442AF7460B00267E03 /* MyTask.app */;
			productType = "com.apple.product-type.application";
		};
/* End PBXNativeTarget section */

/* Begin PBXProject section */
		A6CFAC3C2AF7460B00267E03 /* Project object */ = {
			isa = PBXProject;
			attributes = {
				BuildIndependentTargetsInParallel = 1;
				LastSwiftUpdateCheck = 1420;
				LastUpgradeCheck = 1420;
				TargetAttributes = {
					A6CFAC432AF7460B00267E03 = {
						CreatedOnToolsVersion = 14.2;
					};
				};
			};
			buildConfigurationList = A6CFAC3F2AF7460B00267E03 /* Build configuration list for PBXProject "MyTask" */;
			compatibilityVersion = "Xcode 14.0";
			developmentRegion = en;
			hasScannedForEncodings = 0;
			knownRegions = (
				en,
				Base,
			);
			mainGroup = A6CFAC3B2AF7460B00267E03;
			productRefGroup = A6CFAC452AF7460B00267E03 /* Products */;
			projectDirPath = "";
			projectRoot = "";
			targets = (
				A6CFAC432AF7460B00267E03 /* MyTask */,
			);
		};
/* End PBXProject section */

/* Begin PBXResourcesBuildPhase section */
		A6CFAC422AF7460B00267E03 /* Resources */ = {
			isa = PBXResourcesBuildPhase;
			buildActionMask = 2147483647;
			files = (
				A6CFAC4F2AF7460E00267E03 /* Preview Assets.xcassets in Resources */,
				A6CFAC4C2AF7460E00267E03 /* Assets.xcassets in Resources */,
			);
			runOnlyForDeploymentPostprocessing = 0;
		};
/* End PBXResourcesBuildPhase section */

/* Begin PBXSourcesBuildPhase section */
		A6CFAC402AF7460B00267E03 /* Sources */ = {
			isa = PBXSourcesBuildPhase;
			buildActionMask = 2147483647;
			files = (
				A6CFAC612AF761C200267E03 /* TaskDetailView.swift in Sources */,
				A6CFAC632AF7635100267E03 /* CreateTaskView.swift in Sources */,
				A6CFAC592AF7507100267E03 /* Task.swift in Sources */,
				A6CFAC4A2AF7460B00267E03 /* ContentView.swift in Sources */,
				A6CFAC572AF74D6600267E03 /* TasksDataModel.xcdatamodeld in Sources */,
				A6CFAC5D2AF7530300267E03 /* TasksProvider.swift in Sources */,
				A6CFAC5F2AF75EB300267E03 /* TaskRowView.swift in Sources */,
				A6CFAC482AF7460B00267E03 /* MyTaskApp.swift in Sources */,
			);
			runOnlyForDeploymentPostprocessing = 0;
		};
/* End PBXSourcesBuildPhase section */

/* Begin XCBuildConfiguration section */
		A6CFAC502AF7460E00267E03 /* Debug */ = {
			isa = XCBuildConfiguration;
			buildSettings = {
				ALWAYS_SEARCH_USER_PATHS = NO;
				CLANG_ANALYZER_NONNULL = YES;
				CLANG_ANALYZER_NUMBER_OBJECT_CONVERSION = YES_AGGRESSIVE;
				CLANG_CXX_LANGUAGE_STANDARD = "gnu++20";
				CLANG_ENABLE_MODULES = YES;
				CLANG_ENABLE_OBJC_ARC = YES;
				CLANG_ENABLE_OBJC_WEAK = YES;
				CLANG_WARN_BLOCK_CAPTURE_AUTORELEASING = YES;
				CLANG_WARN_BOOL_CONVERSION = YES;
				CLANG_WARN_COMMA = YES;
				CLANG_WARN_CONSTANT_CONVERSION = YES;
				CLANG_WARN_DEPRECATED_OBJC_IMPLEMENTATIONS = YES;
				CLANG_WARN_DIRECT_OBJC_ISA_USAGE = YES_ERROR;
				CLANG_WARN_DOCUMENTATION_COMMENTS = YES;
				CLANG_WARN_EMPTY_BODY = YES;
				CLANG_WARN_ENUM_CONVERSION = YES;
				CLANG_WARN_INFINITE_RECURSION = YES;
				CLANG_WARN_INT_CONVERSION = YES;
				CLANG_WARN_NON_LITERAL_NULL_CONVERSION = YES;
				CLANG_WARN_OBJC_IMPLICIT_RETAIN_SELF = YES;
				CLANG_WARN_OBJC_LITERAL_CONVERSION = YES;
				CLANG_WARN_OBJC_ROOT_CLASS = YES_ERROR;
				CLANG_WARN_QUOTED_INCLUDE_IN_FRAMEWORK_HEADER = YES;
				CLANG_WARN_RANGE_LOOP_ANALYSIS = YES;
				CLANG_WARN_STRICT_PROTOTYPES = YES;
				CLANG_WARN_SUSPICIOUS_MOVE = YES;
				CLANG_WARN_UNGUARDED_AVAILABILITY = YES_AGGRESSIVE;
				CLANG_WARN_UNREACHABLE_CODE = YES;
				CLANG_WARN__DUPLICATE_METHOD_MATCH = YES;
				COPY_PHASE_STRIP = NO;
				DEBUG_INFORMATION_FORMAT = dwarf;
				ENABLE_STRICT_OBJC_MSGSEND = YES;
				ENABLE_TESTABILITY = YES;
				GCC_C_LANGUAGE_STANDARD = gnu11;
				GCC_DYNAMIC_NO_PIC = NO;
				GCC_NO_COMMON_BLOCKS = YES;
				GCC_OPTIMIZATION_LEVEL = 0;
				GCC_PREPROCESSOR_DEFINITIONS = (
					"DEBUG=1",
					"$(inherited)",
				);
				GCC_WARN_64_TO_32_BIT_CONVERSION = YES;
				GCC_WARN_ABOUT_RETURN_TYPE = YES_ERROR;
				GCC_WARN_UNDECLARED_SELECTOR = YES;
				GCC_WARN_UNINITIALIZED_AUTOS = YES_AGGRESSIVE;
				GCC_WARN_UNUSED_FUNCTION = YES;
				GCC_WARN_UNUSED_VARIABLE = YES;
				IPHONEOS_DEPLOYMENT_TARGET = 16.2;
				MTL_ENABLE_DEBUG_INFO = INCLUDE_SOURCE;
				MTL_FAST_MATH = YES;
				ONLY_ACTIVE_ARCH = YES;
				SDKROOT = iphoneos;
				SWIFT_ACTIVE_COMPILATION_CONDITIONS = DEBUG;
				SWIFT_OPTIMIZATION_LEVEL = "-Onone";
			};
			name = Debug;
		};
		A6CFAC512AF7460E00267E03 /* Release */ = {
			isa = XCBuildConfiguration;
			buildSettings = {
				ALWAYS_SEARCH_USER_PATHS = NO;
				CLANG_ANALYZER_NONNULL = YES;
				CLANG_ANALYZER_NUMBER_OBJECT_CONVERSION = YES_AGGRESSIVE;
				CLANG_CXX_LANGUAGE_STANDARD = "gnu++20";
				CLANG_ENABLE_MODULES = YES;
				CLANG_ENABLE_OBJC_ARC = YES;
				CLANG_ENABLE_OBJC_WEAK = YES;
				CLANG_WARN_BLOCK_CAPTURE_AUTORELEASING = YES;
				CLANG_WARN_BOOL_CONVERSION = YES;
				CLANG_WARN_COMMA = YES;
				CLANG_WARN_CONSTANT_CONVERSION = YES;
				CLANG_WARN_DEPRECATED_OBJC_IMPLEMENTATIONS = YES;
				CLANG_WARN_DIRECT_OBJC_ISA_USAGE = YES_ERROR;
				CLANG_WARN_DOCUMENTATION_COMMENTS = YES;
				CLANG_WARN_EMPTY_BODY = YES;
				CLANG_WARN_ENUM_CONVERSION = YES;
				CLANG_WARN_INFINITE_RECURSION = YES;
				CLANG_WARN_INT_CONVERSION = YES;
				CLANG_WARN_NON_LITERAL_NULL_CONVERSION = YES;
				CLANG_WARN_OBJC_IMPLICIT_RETAIN_SELF = YES;
				CLANG_WARN_OBJC_LITERAL_CONVERSION = YES;
				CLANG_WARN_OBJC_ROOT_CLASS = YES_ERROR;
				CLANG_WARN_QUOTED_INCLUDE_IN_FRAMEWORK_HEADER = YES;
				CLANG_WARN_RANGE_LOOP_ANALYSIS = YES;
				CLANG_WARN_STRICT_PROTOTYPES = YES;
				CLANG_WARN_SUSPICIOUS_MOVE = YES;
				CLANG_WARN_UNGUARDED_AVAILABILITY = YES_AGGRESSIVE;
				CLANG_WARN_UNREACHABLE_CODE = YES;
				CLANG_WARN__DUPLICATE_METHOD_MATCH = YES;
				COPY_PHASE_STRIP = NO;
				DEBUG_INFORMATION_FORMAT = "dwarf-with-dsym";
				ENABLE_NS_ASSERTIONS = NO;
				ENABLE_STRICT_OBJC_MSGSEND = YES;
				GCC_C_LANGUAGE_STANDARD = gnu11;
				GCC_NO_COMMON_BLOCKS = YES;
				GCC_WARN_64_TO_32_BIT_CONVERSION = YES;
				GCC_WARN_ABOUT_RETURN_TYPE = YES_ERROR;
				GCC_WARN_UNDECLARED_SELECTOR = YES;
				GCC_WARN_UNINITIALIZED_AUTOS = YES_AGGRESSIVE;
				GCC_WARN_UNUSED_FUNCTION = YES;
				GCC_WARN_UNUSED_VARIABLE = YES;
				IPHONEOS_DEPLOYMENT_TARGET = 16.2;
				MTL_ENABLE_DEBUG_INFO = NO;
				MTL_FAST_MATH = YES;
				SDKROOT = iphoneos;
				SWIFT_COMPILATION_MODE = wholemodule;
				SWIFT_OPTIMIZATION_LEVEL = "-O";
				VALIDATE_PRODUCT = YES;
			};
			name = Release;
		};
		A6CFAC532AF7460E00267E03 /* Debug */ = {
			isa = XCBuildConfiguration;
			buildSettings = {
				ASSETCATALOG_COMPILER_APPICON_NAME = AppIcon;
				ASSETCATALOG_COMPILER_GLOBAL_ACCENT_COLOR_NAME = AccentColor;
				CODE_SIGN_STYLE = Automatic;
				CURRENT_PROJECT_VERSION = 1;
				DEVELOPMENT_ASSET_PATHS = "\"MyTask/Preview Content\"";
				DEVELOPMENT_TEAM = AB2AUQ6XU8;
				ENABLE_PREVIEWS = YES;
				GENERATE_INFOPLIST_FILE = YES;
				INFOPLIST_KEY_UIApplicationSceneManifest_Generation = YES;
				INFOPLIST_KEY_UIApplicationSupportsIndirectInputEvents = YES;
				INFOPLIST_KEY_UILaunchScreen_Generation = YES;
				INFOPLIST_KEY_UISupportedInterfaceOrientations_iPad = "UIInterfaceOrientationPortrait UIInterfaceOrientationPortraitUpsideDown UIInterfaceOrientationLandscapeLeft UIInterfaceOrientationLandscapeRight";
				INFOPLIST_KEY_UISupportedInterfaceOrientations_iPhone = "UIInterfaceOrientationPortrait UIInterfaceOrientationLandscapeLeft UIInterfaceOrientationLandscapeRight";
				LD_RUNPATH_SEARCH_PATHS = (
					"$(inherited)",
					"@executable_path/Frameworks",
				);
				MARKETING_VERSION = 1.0;
				PRODUCT_BUNDLE_IDENTIFIER = pepe.MyTask;
				PRODUCT_NAME = "$(TARGET_NAME)";
				SWIFT_EMIT_LOC_STRINGS = YES;
				SWIFT_VERSION = 5.0;
				TARGETED_DEVICE_FAMILY = "1,2";
			};
			name = Debug;
		};
		A6CFAC542AF7460E00267E03 /* Release */ = {
			isa = XCBuildConfiguration;
			buildSettings = {
				ASSETCATALOG_COMPILER_APPICON_NAME = AppIcon;
				ASSETCATALOG_COMPILER_GLOBAL_ACCENT_COLOR_NAME = AccentColor;
				CODE_SIGN_STYLE = Automatic;
				CURRENT_PROJECT_VERSION = 1;
				DEVELOPMENT_ASSET_PATHS = "\"MyTask/Preview Content\"";
				DEVELOPMENT_TEAM = AB2AUQ6XU8;
				ENABLE_PREVIEWS = YES;
				GENERATE_INFOPLIST_FILE = YES;
				INFOPLIST_KEY_UIApplicationSceneManifest_Generation = YES;
				INFOPLIST_KEY_UIApplicationSupportsIndirectInputEvents = YES;
				INFOPLIST_KEY_UILaunchScreen_Generation = YES;
				INFOPLIST_KEY_UISupportedInterfaceOrientations_iPad = "UIInterfaceOrientationPortrait UIInterfaceOrientationPortraitUpsideDown UIInterfaceOrientationLandscapeLeft UIInterfaceOrientationLandscapeRight";
				INFOPLIST_KEY_UISupportedInterfaceOrientations_iPhone = "UIInterfaceOrientationPortrait UIInterfaceOrientationLandscapeLeft UIInterfaceOrientationLandscapeRight";
				LD_RUNPATH_SEARCH_PATHS = (
					"$(inherited)",
					"@executable_path/Frameworks",
				);
				MARKETING_VERSION = 1.0;
				PRODUCT_BUNDLE_IDENTIFIER = pepe.MyTask;
				PRODUCT_NAME = "$(TARGET_NAME)";
				SWIFT_EMIT_LOC_STRINGS = YES;
				SWIFT_VERSION = 5.0;
				TARGETED_DEVICE_FAMILY = "1,2";
			};
			name = Release;
		};
/* End XCBuildConfiguration section */

/* Begin XCConfigurationList section */
		A6CFAC3F2AF7460B00267E03 /* Build configuration list for PBXProject "MyTask" */ = {
			isa = XCConfigurationList;
			buildConfigurations = (
				A6CFAC502AF7460E00267E03 /* Debug */,
				A6CFAC512AF7460E00267E03 /* Release */,
			);
			defaultConfigurationIsVisible = 0;
			defaultConfigurationName = Release;
		};
		A6CFAC522AF7460E00267E03 /* Build configuration list for PBXNativeTarget "MyTask" */ = {
			isa = XCConfigurationList;
			buildConfigurations = (
				A6CFAC532AF7460E00267E03 /* Debug */,
				A6CFAC542AF7460E00267E03 /* Release */,
			);
			defaultConfigurationIsVisible = 0;
			defaultConfigurationName = Release;
		};
/* End XCConfigurationList section */

/* Begin XCVersionGroup section */
		A6CFAC552AF74D6600267E03 /* TasksDataModel.xcdatamodeld */ = {
			isa = XCVersionGroup;
			children = (
				A6CFAC562AF74D6600267E03 /* TasksDataModel.xcdatamodel */,
			);
			currentVersion = A6CFAC562AF74D6600267E03 /* TasksDataModel.xcdatamodel */;
			path = TasksDataModel.xcdatamodeld;
			sourceTree = "<group>";
			versionGroupType = wrapper.xcdatamodel;
		};
/* End XCVersionGroup section */
	};
	rootObject = A6CFAC3C2AF7460B00267E03 /* Project object */;
}
